PODS:
  - CocoaAsyncSocket (7.4.1)
  - OSCKit (0.3.2):
    - CocoaAsyncSocket (~> 7.3)

DEPENDENCIES:
  - OSCKit (from `https://github.com/codeflows/OSCKit.git`, commit `11b695b8ac57de731f4c6e0a77eb69989a4fdf27`)

EXTERNAL SOURCES:
  OSCKit:
    :commit: 11b695b8ac57de731f4c6e0a77eb69989a4fdf27
    :git: https://github.com/codeflows/OSCKit.git

CHECKOUT OPTIONS:
  OSCKit:
    :commit: 11b695b8ac57de731f4c6e0a77eb69989a4fdf27
    :git: https://github.com/codeflows/OSCKit.git

SPEC CHECKSUMS:
  CocoaAsyncSocket: 7cbf214b27f8e7f7574db6a3fd96352ffaed433d
  OSCKit: 60460f9ff8765ea6ddbf0a2528f0371745702728

COCOAPODS: 0.36.3
