// !$*UTF8*$!
{
	archiveVersion = 1;
	classes = {
	};
	objectVersion = 46;
	objects = {

/* Begin PBXBuildFile section */
		193EEB641A50368E0035C59F /* OSCService.swift in Sources */ = {isa = PBXBuildFile; fileRef = 193EEB631A50368E0035C59F /* OSCService.swift */; };
		19684B641A6F152F000D201B /* LlamaKit.framework in Frameworks */ = {isa = PBXBuildFile; fileRef = 19684B621A6F152F000D201B /* LlamaKit.framework */; };
		19684B651A6F152F000D201B /* ReactiveCocoa.framework in Frameworks */ = {isa = PBXBuildFile; fileRef = 19684B631A6F152F000D201B /* ReactiveCocoa.framework */; };
		198E33ED1A6F0D4600952B92 /* Cartography.framework in Frameworks */ = {isa = PBXBuildFile; fileRef = 198E33EC1A6F0D4600952B92 /* Cartography.framework */; };
		19A5C7821A3598A100DF5D6B /* PlaylistDataSource.swift in Sources */ = {isa = PBXBuildFile; fileRef = 19A5C7811A3598A100DF5D6B /* PlaylistDataSource.swift */; };
		19A5C7851A359A7600DF5D6B /* PlaylistCell.swift in Sources */ = {isa = PBXBuildFile; fileRef = 19A5C7841A359A7600DF5D6B /* PlaylistCell.swift */; };
		19B6B58A1A2F9B4000DEA4B2 /* AppDelegate.swift in Sources */ = {isa = PBXBuildFile; fileRef = 19B6B5891A2F9B4000DEA4B2 /* AppDelegate.swift */; };
		19B6B58C1A2F9B4000DEA4B2 /* PlaylistViewController.swift in Sources */ = {isa = PBXBuildFile; fileRef = 19B6B58B1A2F9B4000DEA4B2 /* PlaylistViewController.swift */; };
		19B6B5911A2F9B4000DEA4B2 /* Images.xcassets in Resources */ = {isa = PBXBuildFile; fileRef = 19B6B5901A2F9B4000DEA4B2 /* Images.xcassets */; };
		19B6B5941A2F9B4000DEA4B2 /* LaunchScreen.xib in Resources */ = {isa = PBXBuildFile; fileRef = 19B6B5921A2F9B4000DEA4B2 /* LaunchScreen.xib */; };
		19B6B5A01A2F9B4000DEA4B2 /* LivePlaylistTests.swift in Sources */ = {isa = PBXBuildFile; fileRef = 19B6B59F1A2F9B4000DEA4B2 /* LivePlaylistTests.swift */; };
		19DA8FCA1A6ACD960033A1C5 /* Track.swift in Sources */ = {isa = PBXBuildFile; fileRef = 19DA8FC91A6ACD960033A1C5 /* Track.swift */; };
		19E4F7AF1A3281F3002DE579 /* Dummy.cpp in Sources */ = {isa = PBXBuildFile; fileRef = 19E4F7AE1A3281F3002DE579 /* Dummy.cpp */; };
		19FB71D41A3F78C300D77F1E /* TrackService.swift in Sources */ = {isa = PBXBuildFile; fileRef = 19FB71D31A3F78C300D77F1E /* TrackService.swift */; };
		19FB71D61A3F7A9A00D77F1E /* AbletonTrackService.swift in Sources */ = {isa = PBXBuildFile; fileRef = 19FB71D51A3F7A9A00D77F1E /* AbletonTrackService.swift */; };
		B6A79B9028E95EC04D0AE254 /* libPods.a in Frameworks */ = {isa = PBXBuildFile; fileRef = 5333478E210EFBCA732D90B8 /* libPods.a */; };
/* End PBXBuildFile section */

/* Begin PBXContainerItemProxy section */
		19B6B59A1A2F9B4000DEA4B2 /* PBXContainerItemProxy */ = {
			isa = PBXContainerItemProxy;
			containerPortal = 19B6B57C1A2F9B4000DEA4B2 /* Project object */;
			proxyType = 1;
			remoteGlobalIDString = 19B6B5831A2F9B4000DEA4B2;
			remoteInfo = LivePlaylist;
		};
/* End PBXContainerItemProxy section */

/* Begin PBXFileReference section */
		190DE7201A6C7B7700754757 /* LlamaKit.framework */ = {isa = PBXFileReference; lastKnownFileType = wrapper.framework; path = LlamaKit.framework; sourceTree = BUILT_PRODUCTS_DIR; };
		193539F91A6C712E00D08D3B /* ReactiveCocoa.framework */ = {isa = PBXFileReference; lastKnownFileType = wrapper.framework; path = ReactiveCocoa.framework; sourceTree = BUILT_PRODUCTS_DIR; };
		193EEB631A50368E0035C59F /* OSCService.swift */ = {isa = PBXFileReference; fileEncoding = 4; lastKnownFileType = sourcecode.swift; name = OSCService.swift; path = LivePlaylist/OSCService.swift; sourceTree = "<group>"; };
		19684B621A6F152F000D201B /* LlamaKit.framework */ = {isa = PBXFileReference; lastKnownFileType = wrapper.framework; name = LlamaKit.framework; path = Carthage/Build/iOS/LlamaKit.framework; sourceTree = "<group>"; };
		19684B631A6F152F000D201B /* ReactiveCocoa.framework */ = {isa = PBXFileReference; lastKnownFileType = wrapper.framework; name = ReactiveCocoa.framework; path = Carthage/Build/iOS/ReactiveCocoa.framework; sourceTree = "<group>"; };
		198E33EC1A6F0D4600952B92 /* Cartography.framework */ = {isa = PBXFileReference; lastKnownFileType = wrapper.framework; name = Cartography.framework; path = Carthage/Build/iOS/Cartography.framework; sourceTree = "<group>"; };
		19A5C7811A3598A100DF5D6B /* PlaylistDataSource.swift */ = {isa = PBXFileReference; fileEncoding = 4; lastKnownFileType = sourcecode.swift; path = PlaylistDataSource.swift; sourceTree = "<group>"; };
		19A5C7841A359A7600DF5D6B /* PlaylistCell.swift */ = {isa = PBXFileReference; fileEncoding = 4; lastKnownFileType = sourcecode.swift; path = PlaylistCell.swift; sourceTree = "<group>"; };
		19B6B5841A2F9B4000DEA4B2 /* LivePlaylist.app */ = {isa = PBXFileReference; explicitFileType = wrapper.application; includeInIndex = 0; path = LivePlaylist.app; sourceTree = BUILT_PRODUCTS_DIR; };
		19B6B5881A2F9B4000DEA4B2 /* Info.plist */ = {isa = PBXFileReference; lastKnownFileType = text.plist.xml; path = Info.plist; sourceTree = "<group>"; };
		19B6B5891A2F9B4000DEA4B2 /* AppDelegate.swift */ = {isa = PBXFileReference; lastKnownFileType = sourcecode.swift; path = AppDelegate.swift; sourceTree = "<group>"; };
		19B6B58B1A2F9B4000DEA4B2 /* PlaylistViewController.swift */ = {isa = PBXFileReference; lastKnownFileType = sourcecode.swift; path = PlaylistViewController.swift; sourceTree = "<group>"; };
		19B6B5901A2F9B4000DEA4B2 /* Images.xcassets */ = {isa = PBXFileReference; lastKnownFileType = folder.assetcatalog; path = Images.xcassets; sourceTree = "<group>"; };
		19B6B5931A2F9B4000DEA4B2 /* Base */ = {isa = PBXFileReference; lastKnownFileType = file.xib; name = Base; path = Base.lproj/LaunchScreen.xib; sourceTree = "<group>"; };
		19B6B5991A2F9B4000DEA4B2 /* LivePlaylistTests.xctest */ = {isa = PBXFileReference; explicitFileType = wrapper.cfbundle; includeInIndex = 0; path = LivePlaylistTests.xctest; sourceTree = BUILT_PRODUCTS_DIR; };
		19B6B59E1A2F9B4000DEA4B2 /* Info.plist */ = {isa = PBXFileReference; lastKnownFileType = text.plist.xml; path = Info.plist; sourceTree = "<group>"; };
		19B6B59F1A2F9B4000DEA4B2 /* LivePlaylistTests.swift */ = {isa = PBXFileReference; lastKnownFileType = sourcecode.swift; path = LivePlaylistTests.swift; sourceTree = "<group>"; };
		19DA8FC91A6ACD960033A1C5 /* Track.swift */ = {isa = PBXFileReference; fileEncoding = 4; lastKnownFileType = sourcecode.swift; name = Track.swift; path = LivePlaylist/Track.swift; sourceTree = "<group>"; };
		19E4F7AB1A327F66002DE579 /* LivePlaylist-Bridging-Header.h */ = {isa = PBXFileReference; lastKnownFileType = sourcecode.c.h; name = "LivePlaylist-Bridging-Header.h"; path = "LivePlaylist/LivePlaylist-Bridging-Header.h"; sourceTree = SOURCE_ROOT; };
		19E4F7AE1A3281F3002DE579 /* Dummy.cpp */ = {isa = PBXFileReference; fileEncoding = 4; lastKnownFileType = sourcecode.cpp.cpp; path = Dummy.cpp; sourceTree = "<group>"; };
		19FB71D31A3F78C300D77F1E /* TrackService.swift */ = {isa = PBXFileReference; fileEncoding = 4; lastKnownFileType = sourcecode.swift; name = TrackService.swift; path = LivePlaylist/TrackService.swift; sourceTree = "<group>"; };
		19FB71D51A3F7A9A00D77F1E /* AbletonTrackService.swift */ = {isa = PBXFileReference; fileEncoding = 4; lastKnownFileType = sourcecode.swift; name = AbletonTrackService.swift; path = LivePlaylist/AbletonTrackService.swift; sourceTree = "<group>"; };
		5333478E210EFBCA732D90B8 /* libPods.a */ = {isa = PBXFileReference; explicitFileType = archive.ar; includeInIndex = 0; path = libPods.a; sourceTree = BUILT_PRODUCTS_DIR; };
		816F1F95B46B4B13AB7B7E9A /* Pods.debug.xcconfig */ = {isa = PBXFileReference; includeInIndex = 1; lastKnownFileType = text.xcconfig; name = Pods.debug.xcconfig; path = "Pods/Target Support Files/Pods/Pods.debug.xcconfig"; sourceTree = "<group>"; };
		F2D4CB0834A218F9593069CB /* Pods.release.xcconfig */ = {isa = PBXFileReference; includeInIndex = 1; lastKnownFileType = text.xcconfig; name = Pods.release.xcconfig; path = "Pods/Target Support Files/Pods/Pods.release.xcconfig"; sourceTree = "<group>"; };
/* End PBXFileReference section */

/* Begin PBXFrameworksBuildPhase section */
		19B6B5811A2F9B4000DEA4B2 /* Frameworks */ = {
			isa = PBXFrameworksBuildPhase;
			buildActionMask = 2147483647;
			files = (
				B6A79B9028E95EC04D0AE254 /* libPods.a in Frameworks */,
				198E33ED1A6F0D4600952B92 /* Cartography.framework in Frameworks */,
				19684B641A6F152F000D201B /* LlamaKit.framework in Frameworks */,
				19684B651A6F152F000D201B /* ReactiveCocoa.framework in Frameworks */,
			);
			runOnlyForDeploymentPostprocessing = 0;
		};
		19B6B5961A2F9B4000DEA4B2 /* Frameworks */ = {
			isa = PBXFrameworksBuildPhase;
			buildActionMask = 2147483647;
			files = (
			);
			runOnlyForDeploymentPostprocessing = 0;
		};
/* End PBXFrameworksBuildPhase section */

/* Begin PBXGroup section */
		0411C01C11CB84E34C890832 /* Pods */ = {
			isa = PBXGroup;
			children = (
				816F1F95B46B4B13AB7B7E9A /* Pods.debug.xcconfig */,
				F2D4CB0834A218F9593069CB /* Pods.release.xcconfig */,
			);
			name = Pods;
			sourceTree = "<group>";
		};
		193EEB621A5036690035C59F /* OSC Service */ = {
			isa = PBXGroup;
			children = (
				193EEB631A50368E0035C59F /* OSCService.swift */,
			);
			name = "OSC Service";
			sourceTree = "<group>";
		};
		19A5C7831A359A2D00DF5D6B /* Playlist view */ = {
			isa = PBXGroup;
			children = (
				19B6B58B1A2F9B4000DEA4B2 /* PlaylistViewController.swift */,
				19A5C7811A3598A100DF5D6B /* PlaylistDataSource.swift */,
				19A5C7841A359A7600DF5D6B /* PlaylistCell.swift */,
			);
			name = "Playlist view";
			path = LivePlaylist;
			sourceTree = "<group>";
		};
		19B6B57B1A2F9B4000DEA4B2 = {
			isa = PBXGroup;
			children = (
				193EEB621A5036690035C59F /* OSC Service */,
				19FB71D21A3F789400D77F1E /* Track service */,
				19A5C7831A359A2D00DF5D6B /* Playlist view */,
				19B6B5861A2F9B4000DEA4B2 /* Common */,
				19B6B59C1A2F9B4000DEA4B2 /* LivePlaylistTests */,
				19B6B5851A2F9B4000DEA4B2 /* Products */,
				0411C01C11CB84E34C890832 /* Pods */,
				679A4B2320A4163901D06C8B /* Frameworks */,
			);
			sourceTree = "<group>";
		};
		19B6B5851A2F9B4000DEA4B2 /* Products */ = {
			isa = PBXGroup;
			children = (
				19B6B5841A2F9B4000DEA4B2 /* LivePlaylist.app */,
				19B6B5991A2F9B4000DEA4B2 /* LivePlaylistTests.xctest */,
			);
			name = Products;
			sourceTree = "<group>";
		};
		19B6B5861A2F9B4000DEA4B2 /* Common */ = {
			isa = PBXGroup;
			children = (
				19E4F7AB1A327F66002DE579 /* LivePlaylist-Bridging-Header.h */,
				19B6B5891A2F9B4000DEA4B2 /* AppDelegate.swift */,
				19B6B5901A2F9B4000DEA4B2 /* Images.xcassets */,
				19B6B5921A2F9B4000DEA4B2 /* LaunchScreen.xib */,
				19B6B5871A2F9B4000DEA4B2 /* Supporting Files */,
				19E4F7AE1A3281F3002DE579 /* Dummy.cpp */,
			);
			name = Common;
			path = LivePlaylist;
			sourceTree = "<group>";
		};
		19B6B5871A2F9B4000DEA4B2 /* Supporting Files */ = {
			isa = PBXGroup;
			children = (
				19B6B5881A2F9B4000DEA4B2 /* Info.plist */,
			);
			name = "Supporting Files";
			sourceTree = "<group>";
		};
		19B6B59C1A2F9B4000DEA4B2 /* LivePlaylistTests */ = {
			isa = PBXGroup;
			children = (
				19B6B59F1A2F9B4000DEA4B2 /* LivePlaylistTests.swift */,
				19B6B59D1A2F9B4000DEA4B2 /* Supporting Files */,
			);
			path = LivePlaylistTests;
			sourceTree = "<group>";
		};
		19B6B59D1A2F9B4000DEA4B2 /* Supporting Files */ = {
			isa = PBXGroup;
			children = (
				19B6B59E1A2F9B4000DEA4B2 /* Info.plist */,
			);
			name = "Supporting Files";
			sourceTree = "<group>";
		};
		19FB71D21A3F789400D77F1E /* Track service */ = {
			isa = PBXGroup;
			children = (
				19FB71D31A3F78C300D77F1E /* TrackService.swift */,
				19FB71D51A3F7A9A00D77F1E /* AbletonTrackService.swift */,
				19DA8FC91A6ACD960033A1C5 /* Track.swift */,
			);
			name = "Track service";
			sourceTree = "<group>";
		};
		679A4B2320A4163901D06C8B /* Frameworks */ = {
			isa = PBXGroup;
			children = (
				19684B621A6F152F000D201B /* LlamaKit.framework */,
				19684B631A6F152F000D201B /* ReactiveCocoa.framework */,
				198E33EC1A6F0D4600952B92 /* Cartography.framework */,
				190DE7201A6C7B7700754757 /* LlamaKit.framework */,
				193539F91A6C712E00D08D3B /* ReactiveCocoa.framework */,
				5333478E210EFBCA732D90B8 /* libPods.a */,
			);
			name = Frameworks;
			sourceTree = "<group>";
		};
/* End PBXGroup section */

/* Begin PBXNativeTarget section */
		19B6B5831A2F9B4000DEA4B2 /* LivePlaylist */ = {
			isa = PBXNativeTarget;
			buildConfigurationList = 19B6B5A31A2F9B4000DEA4B2 /* Build configuration list for PBXNativeTarget "LivePlaylist" */;
			buildPhases = (
				23A295F5F164AA8BF1015FEA /* Check Pods Manifest.lock */,
				19B6B5801A2F9B4000DEA4B2 /* Sources */,
				19B6B5811A2F9B4000DEA4B2 /* Frameworks */,
				19B6B5821A2F9B4000DEA4B2 /* Resources */,
				B6CBF46DE2B0A17A855B724D /* Copy Pods Resources */,
				19DF81FF1A6F10A600B3F454 /* ShellScript */,
			);
			buildRules = (
			);
			dependencies = (
			);
			name = LivePlaylist;
			productName = LivePlaylist;
			productReference = 19B6B5841A2F9B4000DEA4B2 /* LivePlaylist.app */;
			productType = "com.apple.product-type.application";
		};
		19B6B5981A2F9B4000DEA4B2 /* LivePlaylistTests */ = {
			isa = PBXNativeTarget;
			buildConfigurationList = 19B6B5A61A2F9B4000DEA4B2 /* Build configuration list for PBXNativeTarget "LivePlaylistTests" */;
			buildPhases = (
				19B6B5951A2F9B4000DEA4B2 /* Sources */,
				19B6B5961A2F9B4000DEA4B2 /* Frameworks */,
				19B6B5971A2F9B4000DEA4B2 /* Resources */,
			);
			buildRules = (
			);
			dependencies = (
				19B6B59B1A2F9B4000DEA4B2 /* PBXTargetDependency */,
			);
			name = LivePlaylistTests;
			productName = LivePlaylistTests;
			productReference = 19B6B5991A2F9B4000DEA4B2 /* LivePlaylistTests.xctest */;
			productType = "com.apple.product-type.bundle.unit-test";
		};
/* End PBXNativeTarget section */

/* Begin PBXProject section */
		19B6B57C1A2F9B4000DEA4B2 /* Project object */ = {
			isa = PBXProject;
			attributes = {
				LastUpgradeCheck = 0610;
				ORGANIZATIONNAME = "Jari Aarniala";
				TargetAttributes = {
					19B6B5831A2F9B4000DEA4B2 = {
						CreatedOnToolsVersion = 6.1;
					};
					19B6B5981A2F9B4000DEA4B2 = {
						CreatedOnToolsVersion = 6.1;
						TestTargetID = 19B6B5831A2F9B4000DEA4B2;
					};
				};
			};
			buildConfigurationList = 19B6B57F1A2F9B4000DEA4B2 /* Build configuration list for PBXProject "LivePlaylist" */;
			compatibilityVersion = "Xcode 3.2";
			developmentRegion = English;
			hasScannedForEncodings = 0;
			knownRegions = (
				en,
				Base,
			);
			mainGroup = 19B6B57B1A2F9B4000DEA4B2;
			productRefGroup = 19B6B5851A2F9B4000DEA4B2 /* Products */;
			projectDirPath = "";
			projectRoot = "";
			targets = (
				19B6B5831A2F9B4000DEA4B2 /* LivePlaylist */,
				19B6B5981A2F9B4000DEA4B2 /* LivePlaylistTests */,
			);
		};
/* End PBXProject section */

/* Begin PBXResourcesBuildPhase section */
		19B6B5821A2F9B4000DEA4B2 /* Resources */ = {
			isa = PBXResourcesBuildPhase;
			buildActionMask = 2147483647;
			files = (
				19B6B5941A2F9B4000DEA4B2 /* LaunchScreen.xib in Resources */,
				19B6B5911A2F9B4000DEA4B2 /* Images.xcassets in Resources */,
			);
			runOnlyForDeploymentPostprocessing = 0;
		};
		19B6B5971A2F9B4000DEA4B2 /* Resources */ = {
			isa = PBXResourcesBuildPhase;
			buildActionMask = 2147483647;
			files = (
			);
			runOnlyForDeploymentPostprocessing = 0;
		};
/* End PBXResourcesBuildPhase section */

/* Begin PBXShellScriptBuildPhase section */
		19DF81FF1A6F10A600B3F454 /* ShellScript */ = {
			isa = PBXShellScriptBuildPhase;
			buildActionMask = 2147483647;
			files = (
			);
			inputPaths = (
				"$(SRCROOT)/Carthage/Build/iOS/Cartography.framework",
				"$(SRCROOT)/Carthage/Build/iOS/LlamaKit.framework",
				"$(SRCROOT)/Carthage/Build/iOS/ReactiveCocoa.framework",
			);
			outputPaths = (
			);
			runOnlyForDeploymentPostprocessing = 0;
			shellPath = /bin/sh;
			shellScript = "/usr/local/bin/carthage copy-frameworks";
		};
		23A295F5F164AA8BF1015FEA /* Check Pods Manifest.lock */ = {
			isa = PBXShellScriptBuildPhase;
			buildActionMask = 2147483647;
			files = (
			);
			inputPaths = (
			);
			name = "Check Pods Manifest.lock";
			outputPaths = (
			);
			runOnlyForDeploymentPostprocessing = 0;
			shellPath = /bin/sh;
			shellScript = "diff \"${PODS_ROOT}/../Podfile.lock\" \"${PODS_ROOT}/Manifest.lock\" > /dev/null\nif [[ $? != 0 ]] ; then\n    cat << EOM\nerror: The sandbox is not in sync with the Podfile.lock. Run 'pod install' or update your CocoaPods installation.\nEOM\n    exit 1\nfi\n";
			showEnvVarsInLog = 0;
		};
		B6CBF46DE2B0A17A855B724D /* Copy Pods Resources */ = {
			isa = PBXShellScriptBuildPhase;
			buildActionMask = 2147483647;
			files = (
			);
			inputPaths = (
			);
			name = "Copy Pods Resources";
			outputPaths = (
			);
			runOnlyForDeploymentPostprocessing = 0;
			shellPath = /bin/sh;
			shellScript = "\"${SRCROOT}/Pods/Target Support Files/Pods/Pods-resources.sh\"\n";
			showEnvVarsInLog = 0;
		};
/* End PBXShellScriptBuildPhase section */

/* Begin PBXSourcesBuildPhase section */
		19B6B5801A2F9B4000DEA4B2 /* Sources */ = {
			isa = PBXSourcesBuildPhase;
			buildActionMask = 2147483647;
			files = (
				19A5C7821A3598A100DF5D6B /* PlaylistDataSource.swift in Sources */,
				193EEB641A50368E0035C59F /* OSCService.swift in Sources */,
				19B6B58C1A2F9B4000DEA4B2 /* PlaylistViewController.swift in Sources */,
				19B6B58A1A2F9B4000DEA4B2 /* AppDelegate.swift in Sources */,
				19FB71D61A3F7A9A00D77F1E /* AbletonTrackService.swift in Sources */,
				19DA8FCA1A6ACD960033A1C5 /* Track.swift in Sources */,
				19FB71D41A3F78C300D77F1E /* TrackService.swift in Sources */,
				19A5C7851A359A7600DF5D6B /* PlaylistCell.swift in Sources */,
				19E4F7AF1A3281F3002DE579 /* Dummy.cpp in Sources */,
			);
			runOnlyForDeploymentPostprocessing = 0;
		};
		19B6B5951A2F9B4000DEA4B2 /* Sources */ = {
			isa = PBXSourcesBuildPhase;
			buildActionMask = 2147483647;
			files = (
				19B6B5A01A2F9B4000DEA4B2 /* LivePlaylistTests.swift in Sources */,
			);
			runOnlyForDeploymentPostprocessing = 0;
		};
/* End PBXSourcesBuildPhase section */

/* Begin PBXTargetDependency section */
		19B6B59B1A2F9B4000DEA4B2 /* PBXTargetDependency */ = {
			isa = PBXTargetDependency;
			target = 19B6B5831A2F9B4000DEA4B2 /* LivePlaylist */;
			targetProxy = 19B6B59A1A2F9B4000DEA4B2 /* PBXContainerItemProxy */;
		};
/* End PBXTargetDependency section */

/* Begin PBXVariantGroup section */
		19B6B5921A2F9B4000DEA4B2 /* LaunchScreen.xib */ = {
			isa = PBXVariantGroup;
			children = (
				19B6B5931A2F9B4000DEA4B2 /* Base */,
			);
			name = LaunchScreen.xib;
			sourceTree = "<group>";
		};
/* End PBXVariantGroup section */

/* Begin XCBuildConfiguration section */
		19B6B5A11A2F9B4000DEA4B2 /* Debug */ = {
			isa = XCBuildConfiguration;
			buildSettings = {
				ALWAYS_SEARCH_USER_PATHS = NO;
				CLANG_CXX_LANGUAGE_STANDARD = "gnu++0x";
				CLANG_CXX_LIBRARY = "libc++";
				CLANG_ENABLE_MODULES = YES;
				CLANG_ENABLE_OBJC_ARC = YES;
				CLANG_WARN_BOOL_CONVERSION = YES;
				CLANG_WARN_CONSTANT_CONVERSION = YES;
				CLANG_WARN_DIRECT_OBJC_ISA_USAGE = YES_ERROR;
				CLANG_WARN_EMPTY_BODY = YES;
				CLANG_WARN_ENUM_CONVERSION = YES;
				CLANG_WARN_INT_CONVERSION = YES;
				CLANG_WARN_OBJC_ROOT_CLASS = YES_ERROR;
				CLANG_WARN_UNREACHABLE_CODE = YES;
				CLANG_WARN__DUPLICATE_METHOD_MATCH = YES;
				"CODE_SIGN_IDENTITY[sdk=iphoneos*]" = "iPhone Developer";
				COPY_PHASE_STRIP = NO;
				ENABLE_STRICT_OBJC_MSGSEND = YES;
				GCC_C_LANGUAGE_STANDARD = gnu99;
				GCC_DYNAMIC_NO_PIC = NO;
				GCC_OPTIMIZATION_LEVEL = 0;
				GCC_PREPROCESSOR_DEFINITIONS = (
					"DEBUG=1",
					"$(inherited)",
				);
				GCC_SYMBOLS_PRIVATE_EXTERN = NO;
				GCC_WARN_64_TO_32_BIT_CONVERSION = YES;
				GCC_WARN_ABOUT_RETURN_TYPE = YES_ERROR;
				GCC_WARN_UNDECLARED_SELECTOR = YES;
				GCC_WARN_UNINITIALIZED_AUTOS = YES_AGGRESSIVE;
				GCC_WARN_UNUSED_FUNCTION = YES;
				GCC_WARN_UNUSED_VARIABLE = YES;
				IPHONEOS_DEPLOYMENT_TARGET = 8.1;
				MTL_ENABLE_DEBUG_INFO = YES;
				ONLY_ACTIVE_ARCH = YES;
				SDKROOT = iphoneos;
				SWIFT_OPTIMIZATION_LEVEL = "-Onone";
			};
			name = Debug;
		};
		19B6B5A21A2F9B4000DEA4B2 /* Release */ = {
			isa = XCBuildConfiguration;
			buildSettings = {
				ALWAYS_SEARCH_USER_PATHS = NO;
				CLANG_CXX_LANGUAGE_STANDARD = "gnu++0x";
				CLANG_CXX_LIBRARY = "libc++";
				CLANG_ENABLE_MODULES = YES;
				CLANG_ENABLE_OBJC_ARC = YES;
				CLANG_WARN_BOOL_CONVERSION = YES;
				CLANG_WARN_CONSTANT_CONVERSION = YES;
				CLANG_WARN_DIRECT_OBJC_ISA_USAGE = YES_ERROR;
				CLANG_WARN_EMPTY_BODY = YES;
				CLANG_WARN_ENUM_CONVERSION = YES;
				CLANG_WARN_INT_CONVERSION = YES;
				CLANG_WARN_OBJC_ROOT_CLASS = YES_ERROR;
				CLANG_WARN_UNREACHABLE_CODE = YES;
				CLANG_WARN__DUPLICATE_METHOD_MATCH = YES;
				"CODE_SIGN_IDENTITY[sdk=iphoneos*]" = "iPhone Developer";
				COPY_PHASE_STRIP = YES;
				ENABLE_NS_ASSERTIONS = NO;
				ENABLE_STRICT_OBJC_MSGSEND = YES;
				GCC_C_LANGUAGE_STANDARD = gnu99;
				GCC_WARN_64_TO_32_BIT_CONVERSION = YES;
				GCC_WARN_ABOUT_RETURN_TYPE = YES_ERROR;
				GCC_WARN_UNDECLARED_SELECTOR = YES;
				GCC_WARN_UNINITIALIZED_AUTOS = YES_AGGRESSIVE;
				GCC_WARN_UNUSED_FUNCTION = YES;
				GCC_WARN_UNUSED_VARIABLE = YES;
				IPHONEOS_DEPLOYMENT_TARGET = 8.1;
				MTL_ENABLE_DEBUG_INFO = NO;
				SDKROOT = iphoneos;
				VALIDATE_PRODUCT = YES;
			};
			name = Release;
		};
		19B6B5A41A2F9B4000DEA4B2 /* Debug */ = {
			isa = XCBuildConfiguration;
			baseConfigurationReference = 816F1F95B46B4B13AB7B7E9A /* Pods.debug.xcconfig */;
			buildSettings = {
				ASSETCATALOG_COMPILER_APPICON_NAME = AppIcon;
				CLANG_CXX_LIBRARY = "libc++";
				CLANG_WARN_ASSIGN_ENUM = YES;
				CLANG_WARN_DEPRECATED_OBJC_IMPLEMENTATIONS = YES;
				CLANG_WARN_IMPLICIT_SIGN_CONVERSION = YES;
				CLANG_WARN_OBJC_EXPLICIT_OWNERSHIP_TYPE = YES;
				CLANG_WARN_OBJC_IMPLICIT_ATOMIC_PROPERTIES = YES;
				CLANG_WARN_OBJC_IMPLICIT_RETAIN_SELF = YES;
				CLANG_WARN_OBJC_MISSING_PROPERTY_SYNTHESIS = YES;
				CLANG_WARN_OBJC_RECEIVER_WEAK = YES;
				CLANG_WARN_OBJC_REPEATED_USE_OF_WEAK = YES;
				CLANG_WARN_SUSPICIOUS_IMPLICIT_CONVERSION = YES;
				FRAMEWORK_SEARCH_PATHS = (
					"$(inherited)",
					"$(PROJECT_DIR)/Carthage/Build/iOS",
				);
				GCC_TREAT_IMPLICIT_FUNCTION_DECLARATIONS_AS_ERRORS = YES;
				GCC_TREAT_INCOMPATIBLE_POINTER_TYPE_WARNINGS_AS_ERRORS = YES;
				GCC_WARN_INITIALIZER_NOT_FULLY_BRACKETED = YES;
				GCC_WARN_MULTIPLE_DEFINITION_TYPES_FOR_SELECTOR = YES;
				GCC_WARN_SHADOW = YES;
				GCC_WARN_SIGN_COMPARE = YES;
				GCC_WARN_STRICT_SELECTOR_MATCH = YES;
				GCC_WARN_UNUSED_LABEL = YES;
				GCC_WARN_UNUSED_PARAMETER = YES;
				HEADER_SEARCH_PATHS = (
					"\"${PODS_ROOT}/Headers/Public\"",
					"\"${PODS_ROOT}/Headers/Public/CocoaAsyncSocket\"",
					"\"${PODS_ROOT}/Headers/Public/OSCKit\"",
					"$(inherited)",
					"\"$(BUILD_ROOT)/../IntermediateBuildFilesPath/UninstalledProducts/include\"",
				);
				INFOPLIST_FILE = LivePlaylist/Info.plist;
				LD_RUNPATH_SEARCH_PATHS = "$(inherited) @executable_path/Frameworks @loader_path/../Frameworks @loader_path/Frameworks";
				PRODUCT_NAME = "$(TARGET_NAME)";
				SWIFT_OBJC_BRIDGING_HEADER = "LivePlaylist/LivePlaylist-Bridging-Header.h";
			};
			name = Debug;
		};
		19B6B5A51A2F9B4000DEA4B2 /* Release */ = {
			isa = XCBuildConfiguration;
			baseConfigurationReference = F2D4CB0834A218F9593069CB /* Pods.release.xcconfig */;
			buildSettings = {
				ASSETCATALOG_COMPILER_APPICON_NAME = AppIcon;
				CLANG_CXX_LIBRARY = "libc++";
				CLANG_WARN_ASSIGN_ENUM = YES;
				CLANG_WARN_DEPRECATED_OBJC_IMPLEMENTATIONS = YES;
				CLANG_WARN_IMPLICIT_SIGN_CONVERSION = YES;
				CLANG_WARN_OBJC_EXPLICIT_OWNERSHIP_TYPE = YES;
				CLANG_WARN_OBJC_IMPLICIT_ATOMIC_PROPERTIES = YES;
				CLANG_WARN_OBJC_IMPLICIT_RETAIN_SELF = YES;
				CLANG_WARN_OBJC_MISSING_PROPERTY_SYNTHESIS = YES;
				CLANG_WARN_OBJC_RECEIVER_WEAK = YES;
				CLANG_WARN_OBJC_REPEATED_USE_OF_WEAK = YES;
				CLANG_WARN_SUSPICIOUS_IMPLICIT_CONVERSION = YES;
				FRAMEWORK_SEARCH_PATHS = (
					"$(inherited)",
					"$(PROJECT_DIR)/Carthage/Build/iOS",
				);
				GCC_TREAT_IMPLICIT_FUNCTION_DECLARATIONS_AS_ERRORS = YES;
				GCC_TREAT_INCOMPATIBLE_POINTER_TYPE_WARNINGS_AS_ERRORS = YES;
				GCC_WARN_INITIALIZER_NOT_FULLY_BRACKETED = YES;
				GCC_WARN_MULTIPLE_DEFINITION_TYPES_FOR_SELECTOR = YES;
				GCC_WARN_SHADOW = YES;
				GCC_WARN_SIGN_COMPARE = YES;
				GCC_WARN_STRICT_SELECTOR_MATCH = YES;
				GCC_WARN_UNUSED_LABEL = YES;
				GCC_WARN_UNUSED_PARAMETER = YES;
				HEADER_SEARCH_PATHS = (
					"\"${PODS_ROOT}/Headers/Public\"",
					"\"${PODS_ROOT}/Headers/Public/CocoaAsyncSocket\"",
					"\"${PODS_ROOT}/Headers/Public/OSCKit\"",
					"$(inherited)",
					"\"$(BUILD_ROOT)/../IntermediateBuildFilesPath/UninstalledProducts/include\"",
				);
				INFOPLIST_FILE = LivePlaylist/Info.plist;
				LD_RUNPATH_SEARCH_PATHS = "$(inherited) @executable_path/Frameworks @loader_path/../Frameworks @loader_path/Frameworks";
				PRODUCT_NAME = "$(TARGET_NAME)";
				SWIFT_OBJC_BRIDGING_HEADER = "LivePlaylist/LivePlaylist-Bridging-Header.h";
			};
			name = Release;
		};
		19B6B5A71A2F9B4000DEA4B2 /* Debug */ = {
			isa = XCBuildConfiguration;
			buildSettings = {
				BUNDLE_LOADER = "$(TEST_HOST)";
				FRAMEWORK_SEARCH_PATHS = (
					"$(SDKROOT)/Developer/Library/Frameworks",
					"$(inherited)",
				);
				GCC_PREPROCESSOR_DEFINITIONS = (
					"DEBUG=1",
					"$(inherited)",
				);
				INFOPLIST_FILE = LivePlaylistTests/Info.plist;
				LD_RUNPATH_SEARCH_PATHS = "$(inherited) @executable_path/Frameworks @loader_path/Frameworks";
				PRODUCT_NAME = "$(TARGET_NAME)";
				TEST_HOST = "$(BUILT_PRODUCTS_DIR)/LivePlaylist.app/LivePlaylist";
			};
			name = Debug;
		};
		19B6B5A81A2F9B4000DEA4B2 /* Release */ = {
			isa = XCBuildConfiguration;
			buildSettings = {
				BUNDLE_LOADER = "$(TEST_HOST)";
				FRAMEWORK_SEARCH_PATHS = (
					"$(SDKROOT)/Developer/Library/Frameworks",
					"$(inherited)",
				);
				INFOPLIST_FILE = LivePlaylistTests/Info.plist;
				LD_RUNPATH_SEARCH_PATHS = "$(inherited) @executable_path/Frameworks @loader_path/Frameworks";
				PRODUCT_NAME = "$(TARGET_NAME)";
				TEST_HOST = "$(BUILT_PRODUCTS_DIR)/LivePlaylist.app/LivePlaylist";
			};
			name = Release;
		};
/* End XCBuildConfiguration section */

/* Begin XCConfigurationList section */
		19B6B57F1A2F9B4000DEA4B2 /* Build configuration list for PBXProject "LivePlaylist" */ = {
			isa = XCConfigurationList;
			buildConfigurations = (
				19B6B5A11A2F9B4000DEA4B2 /* Debug */,
				19B6B5A21A2F9B4000DEA4B2 /* Release */,
			);
			defaultConfigurationIsVisible = 0;
			defaultConfigurationName = Release;
		};
		19B6B5A31A2F9B4000DEA4B2 /* Build configuration list for PBXNativeTarget "LivePlaylist" */ = {
			isa = XCConfigurationList;
			buildConfigurations = (
				19B6B5A41A2F9B4000DEA4B2 /* Debug */,
				19B6B5A51A2F9B4000DEA4B2 /* Release */,
			);
			defaultConfigurationIsVisible = 0;
			defaultConfigurationName = Release;
		};
		19B6B5A61A2F9B4000DEA4B2 /* Build configuration list for PBXNativeTarget "LivePlaylistTests" */ = {
			isa = XCConfigurationList;
			buildConfigurations = (
				19B6B5A71A2F9B4000DEA4B2 /* Debug */,
				19B6B5A81A2F9B4000DEA4B2 /* Release */,
			);
			defaultConfigurationIsVisible = 0;
			defaultConfigurationName = Release;
		};
/* End XCConfigurationList section */
	};
	rootObject = 19B6B57C1A2F9B4000DEA4B2 /* Project object */;
}
